
Microsoft Visual Studio Solution File, Format Version 12.00
# Visual Studio Version 16
VisualStudioVersion = 16.0.29920.165
MinimumVisualStudioVersion = 10.0.40219.1
Project("{FAE04EC0-301F-11D3-BF4B-00C04F79EFBC}") = "calculator2", "calculator2.csproj", "{36E7C5B2-A1EA-4B2F-A3D9-7730B9062FA0}"
EndProject
Global
	GlobalSection(SolutionConfigurationPlatforms) = preSolution
		Debug|Any CPU = Debug|Any CPU
		Release|Any CPU = Release|Any CPU
	EndGlobalSection
	GlobalSection(ProjectConfigurationPlatforms) = postSolution
		{36E7C5B2-A1EA-4B2F-A3D9-7730B9062FA0}.Debug|Any CPU.ActiveCfg = Debug|Any CPU
		{36E7C5B2-A1EA-4B2F-A3D9-7730B9062FA0}.Debug|Any CPU.Build.0 = Debug|Any CPU
		{36E7C5B2-A1EA-4B2F-A3D9-7730B9062FA0}.Release|Any CPU.ActiveCfg = Release|Any CPU
		{36E7C5B2-A1EA-4B2F-A3D9-7730B9062FA0}.Release|Any CPU.Build.0 = Release|Any CPU
	EndGlobalSection
	GlobalSection(SolutionProperties) = preSolution
		HideSolutionNode = FALSE
	EndGlobalSection
	GlobalSection(ExtensibilityGlobals) = postSolution
		SolutionGuid = {D701FBFB-D902-4059-92CB-CDA4F7E2CCB3}
	EndGlobalSection
EndGlobal
